
Microsoft Visual Studio Solution File, Format Version 12.00
# Visual Studio Version 17
VisualStudioVersion = 17.11.35327.3
MinimumVisualStudioVersion = 10.0.40219.1
Project("{FAE04EC0-301F-11D3-BF4B-00C04F79EFBC}") = "MemberRegistry", "MemberRegistry.csproj", "{6DA0584C-7C1B-4FBE-B4F6-7CCCFD99086C}"
EndProject
Global
	GlobalSection(SolutionConfigurationPlatforms) = preSolution
		Debug|Any CPU = Debug|Any CPU
		Release|Any CPU = Release|Any CPU
	EndGlobalSection
	GlobalSection(ProjectConfigurationPlatforms) = postSolution
		{6DA0584C-7C1B-4FBE-B4F6-7CCCFD99086C}.Debug|Any CPU.ActiveCfg = Debug|Any CPU
		{6DA0584C-7C1B-4FBE-B4F6-7CCCFD99086C}.Debug|Any CPU.Build.0 = Debug|Any CPU
		{6DA0584C-7C1B-4FBE-B4F6-7CCCFD99086C}.Release|Any CPU.ActiveCfg = Release|Any CPU
		{6DA0584C-7C1B-4FBE-B4F6-7CCCFD99086C}.Release|Any CPU.Build.0 = Release|Any CPU
	EndGlobalSection
	GlobalSection(SolutionProperties) = preSolution
		HideSolutionNode = FALSE
	EndGlobalSection
	GlobalSection(ExtensibilityGlobals) = postSolution
		SolutionGuid = {117219BA-CDB6-49FA-82E2-DB8410CD2C84}
	EndGlobalSection
EndGlobal
